
Microsoft Visual Studio Solution File, Format Version 12.00
# Visual Studio Version 17
VisualStudioVersion = 17.11.35327.3
MinimumVisualStudioVersion = 10.0.40219.1
Project("{9A19103F-16F7-4668-BE54-9A1E7A4F7556}") = "Vousse.DAL", "Vousse.DAL\Vousse.DAL.csproj", "{043D3A90-7A1D-4ADF-8B45-B597EB2C404F}"
EndProject
Project("{9A19103F-16F7-4668-BE54-9A1E7A4F7556}") = "Vosse.WPF", "Vosse.WPF\Vosse.WPF.csproj", "{FFE10912-1506-47F7-988E-B69AD134037E}"
EndProject
Global
	GlobalSection(SolutionConfigurationPlatforms) = preSolution
		Debug|Any CPU = Debug|Any CPU
		Release|Any CPU = Release|Any CPU
	EndGlobalSection
	GlobalSection(ProjectConfigurationPlatforms) = postSolution
		{043D3A90-7A1D-4ADF-8B45-B597EB2C404F}.Debug|Any CPU.ActiveCfg = Debug|Any CPU
		{043D3A90-7A1D-4ADF-8B45-B597EB2C404F}.Debug|Any CPU.Build.0 = Debug|Any CPU
		{043D3A90-7A1D-4ADF-8B45-B597EB2C404F}.Release|Any CPU.ActiveCfg = Release|Any CPU
		{043D3A90-7A1D-4ADF-8B45-B597EB2C404F}.Release|Any CPU.Build.0 = Release|Any CPU
		{FFE10912-1506-47F7-988E-B69AD134037E}.Debug|Any CPU.ActiveCfg = Debug|Any CPU
		{FFE10912-1506-47F7-988E-B69AD134037E}.Debug|Any CPU.Build.0 = Debug|Any CPU
		{FFE10912-1506-47F7-988E-B69AD134037E}.Release|Any CPU.ActiveCfg = Release|Any CPU
		{FFE10912-1506-47F7-988E-B69AD134037E}.Release|Any CPU.Build.0 = Release|Any CPU
	EndGlobalSection
	GlobalSection(SolutionProperties) = preSolution
		HideSolutionNode = FALSE
	EndGlobalSection
	GlobalSection(ExtensibilityGlobals) = postSolution
		SolutionGuid = {33A09C54-643F-4C38-A15B-96551A057EC6}
	EndGlobalSection
EndGlobal
