
Microsoft Visual Studio Solution File, Format Version 12.00
# Visual Studio Version 17
VisualStudioVersion = 17.11.35327.3
MinimumVisualStudioVersion = 10.0.40219.1
Project("{9A19103F-16F7-4668-BE54-9A1E7A4F7556}") = "Vousse.DAL", "Vousse.DAL\Vousse.DAL.csproj", "{043D3A90-7A1D-4ADF-8B45-B597EB2C404F}"
EndProject
Project("{9A19103F-16F7-4668-BE54-9A1E7A4F7556}") = "Vosse.WPF", "Vosse.WPF\Vosse.WPF.csproj", "{FFE10912-1506-47F7-988E-B69AD134037E}"
EndProject
Project("{9A19103F-16F7-4668-BE54-9A1E7A4F7556}") = "Vousse.API", "Vousse.API\Vousse.API.csproj", "{50ACD048-90B3-4128-B839-FFCA71DE3802}"
	ProjectSection(ProjectDependencies) = postProject
		{3F0CE73A-46FC-40E3-82D8-C3A034072CF4} = {3F0CE73A-46FC-40E3-82D8-C3A034072CF4}
	EndProjectSection
EndProject
Project("{9A19103F-16F7-4668-BE54-9A1E7A4F7556}") = "Vousse.DTO", "Vousse.DTO\Vousse.DTO.csproj", "{3F0CE73A-46FC-40E3-82D8-C3A034072CF4}"
EndProject
Project("{9A19103F-16F7-4668-BE54-9A1E7A4F7556}") = "Vousse.Service", "Vousse.Service\Vousse.Service.csproj", "{8339E897-1B99-42F6-A806-E47DA512DC8C}"
EndProject
Project("{9A19103F-16F7-4668-BE54-9A1E7A4F7556}") = "billetTest.WPF", "billetTest.WPF\billetTest.WPF.csproj", "{D877E95E-E827-4F77-9E61-E1F3864AF0FA}"
EndProject
Project("{9A19103F-16F7-4668-BE54-9A1E7A4F7556}") = "test.API", "test.API\test.API.csproj", "{78B4B872-EA48-46A3-845F-F52FA90D9CE9}"
EndProject
Project("{9A19103F-16F7-4668-BE54-9A1E7A4F7556}") = "test", "test\test.csproj", "{8F508EDA-F31D-44C7-8190-9EDAF25389FE}"
EndProject
Project("{FAE04EC0-301F-11D3-BF4B-00C04F79EFBC}") = "test2.WPF", "test2.WPF\test2.WPF.csproj", "{0E48C733-2C0C-4B8B-91FD-C34E1D7A247B}"
EndProject
Project("{FAE04EC0-301F-11D3-BF4B-00C04F79EFBC}") = "Vousse.WPF", "Vousse.WPF\Vousse.WPF.csproj", "{42D6558F-2D6D-4075-91CE-F7ACB1E17AAB}"
EndProject
Global
	GlobalSection(SolutionConfigurationPlatforms) = preSolution
		Debug|Any CPU = Debug|Any CPU
		Release|Any CPU = Release|Any CPU
	EndGlobalSection
	GlobalSection(ProjectConfigurationPlatforms) = postSolution
		{043D3A90-7A1D-4ADF-8B45-B597EB2C404F}.Debug|Any CPU.ActiveCfg = Debug|Any CPU
		{043D3A90-7A1D-4ADF-8B45-B597EB2C404F}.Debug|Any CPU.Build.0 = Debug|Any CPU
		{043D3A90-7A1D-4ADF-8B45-B597EB2C404F}.Release|Any CPU.ActiveCfg = Release|Any CPU
		{043D3A90-7A1D-4ADF-8B45-B597EB2C404F}.Release|Any CPU.Build.0 = Release|Any CPU
		{FFE10912-1506-47F7-988E-B69AD134037E}.Debug|Any CPU.ActiveCfg = Debug|Any CPU
		{FFE10912-1506-47F7-988E-B69AD134037E}.Debug|Any CPU.Build.0 = Debug|Any CPU
		{FFE10912-1506-47F7-988E-B69AD134037E}.Release|Any CPU.ActiveCfg = Release|Any CPU
		{FFE10912-1506-47F7-988E-B69AD134037E}.Release|Any CPU.Build.0 = Release|Any CPU
		{50ACD048-90B3-4128-B839-FFCA71DE3802}.Debug|Any CPU.ActiveCfg = Debug|Any CPU
		{50ACD048-90B3-4128-B839-FFCA71DE3802}.Debug|Any CPU.Build.0 = Debug|Any CPU
		{50ACD048-90B3-4128-B839-FFCA71DE3802}.Release|Any CPU.ActiveCfg = Release|Any CPU
		{50ACD048-90B3-4128-B839-FFCA71DE3802}.Release|Any CPU.Build.0 = Release|Any CPU
		{3F0CE73A-46FC-40E3-82D8-C3A034072CF4}.Debug|Any CPU.ActiveCfg = Debug|Any CPU
		{3F0CE73A-46FC-40E3-82D8-C3A034072CF4}.Debug|Any CPU.Build.0 = Debug|Any CPU
		{3F0CE73A-46FC-40E3-82D8-C3A034072CF4}.Release|Any CPU.ActiveCfg = Release|Any CPU
		{3F0CE73A-46FC-40E3-82D8-C3A034072CF4}.Release|Any CPU.Build.0 = Release|Any CPU
		{8339E897-1B99-42F6-A806-E47DA512DC8C}.Debug|Any CPU.ActiveCfg = Debug|Any CPU
		{8339E897-1B99-42F6-A806-E47DA512DC8C}.Debug|Any CPU.Build.0 = Debug|Any CPU
		{8339E897-1B99-42F6-A806-E47DA512DC8C}.Release|Any CPU.ActiveCfg = Release|Any CPU
		{8339E897-1B99-42F6-A806-E47DA512DC8C}.Release|Any CPU.Build.0 = Release|Any CPU
		{D877E95E-E827-4F77-9E61-E1F3864AF0FA}.Debug|Any CPU.ActiveCfg = Debug|Any CPU
		{D877E95E-E827-4F77-9E61-E1F3864AF0FA}.Debug|Any CPU.Build.0 = Debug|Any CPU
		{D877E95E-E827-4F77-9E61-E1F3864AF0FA}.Release|Any CPU.ActiveCfg = Release|Any CPU
		{D877E95E-E827-4F77-9E61-E1F3864AF0FA}.Release|Any CPU.Build.0 = Release|Any CPU
		{78B4B872-EA48-46A3-845F-F52FA90D9CE9}.Debug|Any CPU.ActiveCfg = Debug|Any CPU
		{78B4B872-EA48-46A3-845F-F52FA90D9CE9}.Debug|Any CPU.Build.0 = Debug|Any CPU
		{78B4B872-EA48-46A3-845F-F52FA90D9CE9}.Release|Any CPU.ActiveCfg = Release|Any CPU
		{78B4B872-EA48-46A3-845F-F52FA90D9CE9}.Release|Any CPU.Build.0 = Release|Any CPU
		{8F508EDA-F31D-44C7-8190-9EDAF25389FE}.Debug|Any CPU.ActiveCfg = Debug|Any CPU
		{8F508EDA-F31D-44C7-8190-9EDAF25389FE}.Debug|Any CPU.Build.0 = Debug|Any CPU
		{8F508EDA-F31D-44C7-8190-9EDAF25389FE}.Release|Any CPU.ActiveCfg = Release|Any CPU
		{8F508EDA-F31D-44C7-8190-9EDAF25389FE}.Release|Any CPU.Build.0 = Release|Any CPU
		{0E48C733-2C0C-4B8B-91FD-C34E1D7A247B}.Debug|Any CPU.ActiveCfg = Debug|Any CPU
		{0E48C733-2C0C-4B8B-91FD-C34E1D7A247B}.Debug|Any CPU.Build.0 = Debug|Any CPU
		{0E48C733-2C0C-4B8B-91FD-C34E1D7A247B}.Release|Any CPU.ActiveCfg = Release|Any CPU
		{0E48C733-2C0C-4B8B-91FD-C34E1D7A247B}.Release|Any CPU.Build.0 = Release|Any CPU
		{42D6558F-2D6D-4075-91CE-F7ACB1E17AAB}.Debug|Any CPU.ActiveCfg = Debug|Any CPU
		{42D6558F-2D6D-4075-91CE-F7ACB1E17AAB}.Debug|Any CPU.Build.0 = Debug|Any CPU
		{42D6558F-2D6D-4075-91CE-F7ACB1E17AAB}.Release|Any CPU.ActiveCfg = Release|Any CPU
		{42D6558F-2D6D-4075-91CE-F7ACB1E17AAB}.Release|Any CPU.Build.0 = Release|Any CPU
	EndGlobalSection
	GlobalSection(SolutionProperties) = preSolution
		HideSolutionNode = FALSE
	EndGlobalSection
	GlobalSection(ExtensibilityGlobals) = postSolution
		SolutionGuid = {33A09C54-643F-4C38-A15B-96551A057EC6}
	EndGlobalSection
EndGlobal
